
Microsoft Visual Studio Solution File, Format Version 12.00
# Visual Studio Version 17
VisualStudioVersion = 17.2.32516.85
MinimumVisualStudioVersion = 10.0.40219.1
Project("{FAE04EC0-301F-11D3-BF4B-00C04F79EFBC}") = "WpfApp9リストビュー", "WpfApp9リストビュー.csproj", "{07155267-C415-4943-83EE-22A317D6FC5A}"
EndProject
Global
	GlobalSection(SolutionConfigurationPlatforms) = preSolution
		Debug|Any CPU = Debug|Any CPU
		Release|Any CPU = Release|Any CPU
	EndGlobalSection
	GlobalSection(ProjectConfigurationPlatforms) = postSolution
		{07155267-C415-4943-83EE-22A317D6FC5A}.Debug|Any CPU.ActiveCfg = Debug|Any CPU
		{07155267-C415-4943-83EE-22A317D6FC5A}.Debug|Any CPU.Build.0 = Debug|Any CPU
		{07155267-C415-4943-83EE-22A317D6FC5A}.Release|Any CPU.ActiveCfg = Release|Any CPU
		{07155267-C415-4943-83EE-22A317D6FC5A}.Release|Any CPU.Build.0 = Release|Any CPU
	EndGlobalSection
	GlobalSection(SolutionProperties) = preSolution
		HideSolutionNode = FALSE
	EndGlobalSection
	GlobalSection(ExtensibilityGlobals) = postSolution
		SolutionGuid = {7FFD0894-5C26-49DE-A697-6478D15D78A8}
	EndGlobalSection
EndGlobal
