
Microsoft Visual Studio Solution File, Format Version 12.00
# Visual Studio Version 17
VisualStudioVersion = 17.2.32516.85
MinimumVisualStudioVersion = 10.0.40219.1
Project("{FAE04EC0-301F-11D3-BF4B-00C04F79EFBC}") = "WpfApp7画像ボタン", "WpfApp7画像ボタン.csproj", "{F50D6D04-2162-4377-9EEF-6B1F3582BE67}"
EndProject
Global
	GlobalSection(SolutionConfigurationPlatforms) = preSolution
		Debug|Any CPU = Debug|Any CPU
		Release|Any CPU = Release|Any CPU
	EndGlobalSection
	GlobalSection(ProjectConfigurationPlatforms) = postSolution
		{F50D6D04-2162-4377-9EEF-6B1F3582BE67}.Debug|Any CPU.ActiveCfg = Debug|Any CPU
		{F50D6D04-2162-4377-9EEF-6B1F3582BE67}.Debug|Any CPU.Build.0 = Debug|Any CPU
		{F50D6D04-2162-4377-9EEF-6B1F3582BE67}.Release|Any CPU.ActiveCfg = Release|Any CPU
		{F50D6D04-2162-4377-9EEF-6B1F3582BE67}.Release|Any CPU.Build.0 = Release|Any CPU
	EndGlobalSection
	GlobalSection(SolutionProperties) = preSolution
		HideSolutionNode = FALSE
	EndGlobalSection
	GlobalSection(ExtensibilityGlobals) = postSolution
		SolutionGuid = {B6074142-2B79-41E4-877B-1E5D600F8BDE}
	EndGlobalSection
EndGlobal
