
Microsoft Visual Studio Solution File, Format Version 12.00
# Visual Studio Version 17
VisualStudioVersion = 17.2.32516.85
MinimumVisualStudioVersion = 10.0.40219.1
Project("{FAE04EC0-301F-11D3-BF4B-00C04F79EFBC}") = "WpfApp2", "WpfApp2.csproj", "{050F02E1-6514-48D2-9B7B-9D0EA319CC48}"
EndProject
Global
	GlobalSection(SolutionConfigurationPlatforms) = preSolution
		Debug|Any CPU = Debug|Any CPU
		Release|Any CPU = Release|Any CPU
	EndGlobalSection
	GlobalSection(ProjectConfigurationPlatforms) = postSolution
		{050F02E1-6514-48D2-9B7B-9D0EA319CC48}.Debug|Any CPU.ActiveCfg = Debug|Any CPU
		{050F02E1-6514-48D2-9B7B-9D0EA319CC48}.Debug|Any CPU.Build.0 = Debug|Any CPU
		{050F02E1-6514-48D2-9B7B-9D0EA319CC48}.Release|Any CPU.ActiveCfg = Release|Any CPU
		{050F02E1-6514-48D2-9B7B-9D0EA319CC48}.Release|Any CPU.Build.0 = Release|Any CPU
	EndGlobalSection
	GlobalSection(SolutionProperties) = preSolution
		HideSolutionNode = FALSE
	EndGlobalSection
	GlobalSection(ExtensibilityGlobals) = postSolution
		SolutionGuid = {FA602388-57CB-42B1-88F3-5EEAE9746DA5}
	EndGlobalSection
EndGlobal
